
Microsoft Visual Studio Solution File, Format Version 12.00
# Visual Studio 2012
Project("{FAE04EC0-301F-11D3-BF4B-00C04F79EFBC}") = "01.PrintNumsFrom1ToN", "01.PrintNumsFrom1ToN\01.PrintNumsFrom1ToN.csproj", "{21D5C0DC-904D-4502-8C90-1184DD9E1179}"
EndProject
Project("{FAE04EC0-301F-11D3-BF4B-00C04F79EFBC}") = "02.NumsFrom1ToNNotDivisibleBy3And7", "02.NumsFrom1ToNNotDivisibleBy3And7\02.NumsFrom1ToNNotDivisibleBy3And7.csproj", "{19D9E409-9528-4602-AFF3-A8BEA078B085}"
EndProject
Project("{FAE04EC0-301F-11D3-BF4B-00C04F79EFBC}") = "03.PrintMinAndMaxOfASeq", "03.PrintMinAndMaxOfASeq\03.PrintMinAndMaxOfASeq.csproj", "{BB40C656-43ED-4A4B-9CB0-D6098991F56C}"
EndProject
Project("{FAE04EC0-301F-11D3-BF4B-00C04F79EFBC}") = "04.FindLexicogrSmallestProp", "04.FindLexicogrSmallestProp\04.FindLexicogrSmallestProp.csproj", "{FB597E31-2B1C-406C-97A7-E52A139E2E8C}"
EndProject
Global
	GlobalSection(SolutionConfigurationPlatforms) = preSolution
		Debug|Any CPU = Debug|Any CPU
		Release|Any CPU = Release|Any CPU
	EndGlobalSection
	GlobalSection(ProjectConfigurationPlatforms) = postSolution
		{21D5C0DC-904D-4502-8C90-1184DD9E1179}.Debug|Any CPU.ActiveCfg = Debug|Any CPU
		{21D5C0DC-904D-4502-8C90-1184DD9E1179}.Debug|Any CPU.Build.0 = Debug|Any CPU
		{21D5C0DC-904D-4502-8C90-1184DD9E1179}.Release|Any CPU.ActiveCfg = Release|Any CPU
		{21D5C0DC-904D-4502-8C90-1184DD9E1179}.Release|Any CPU.Build.0 = Release|Any CPU
		{19D9E409-9528-4602-AFF3-A8BEA078B085}.Debug|Any CPU.ActiveCfg = Debug|Any CPU
		{19D9E409-9528-4602-AFF3-A8BEA078B085}.Debug|Any CPU.Build.0 = Debug|Any CPU
		{19D9E409-9528-4602-AFF3-A8BEA078B085}.Release|Any CPU.ActiveCfg = Release|Any CPU
		{19D9E409-9528-4602-AFF3-A8BEA078B085}.Release|Any CPU.Build.0 = Release|Any CPU
		{BB40C656-43ED-4A4B-9CB0-D6098991F56C}.Debug|Any CPU.ActiveCfg = Debug|Any CPU
		{BB40C656-43ED-4A4B-9CB0-D6098991F56C}.Debug|Any CPU.Build.0 = Debug|Any CPU
		{BB40C656-43ED-4A4B-9CB0-D6098991F56C}.Release|Any CPU.ActiveCfg = Release|Any CPU
		{BB40C656-43ED-4A4B-9CB0-D6098991F56C}.Release|Any CPU.Build.0 = Release|Any CPU
		{FB597E31-2B1C-406C-97A7-E52A139E2E8C}.Debug|Any CPU.ActiveCfg = Debug|Any CPU
		{FB597E31-2B1C-406C-97A7-E52A139E2E8C}.Debug|Any CPU.Build.0 = Debug|Any CPU
		{FB597E31-2B1C-406C-97A7-E52A139E2E8C}.Release|Any CPU.ActiveCfg = Release|Any CPU
		{FB597E31-2B1C-406C-97A7-E52A139E2E8C}.Release|Any CPU.Build.0 = Release|Any CPU
	EndGlobalSection
	GlobalSection(SolutionProperties) = preSolution
		HideSolutionNode = FALSE
	EndGlobalSection
EndGlobal
