
Microsoft Visual Studio Solution File, Format Version 12.00
# Visual Studio 2012
Project("{FAE04EC0-301F-11D3-BF4B-00C04F79EFBC}") = "01a.FillAndPrintAMatrix", "01a.FillAndPrintAMatrix\01a.FillAndPrintAMatrix.csproj", "{B166F36E-71B3-492B-A686-9E9F007D2323}"
EndProject
Project("{FAE04EC0-301F-11D3-BF4B-00C04F79EFBC}") = "01b.FillAndPrintAMatrix", "01b.FillAndPrintAMatrix\01b.FillAndPrintAMatrix.csproj", "{D4D53813-A3B0-42DA-B6DF-27CA1C0FF091}"
EndProject
Project("{FAE04EC0-301F-11D3-BF4B-00C04F79EFBC}") = "02.Square3x3InMatrixWithMaxSum", "02.Square3x3InMatrixWithMaxSum\02.Square3x3InMatrixWithMaxSum.csproj", "{CEC78532-7D9B-4970-9C5B-BF4BC3D6B5F3}"
EndProject
Project("{FAE04EC0-301F-11D3-BF4B-00C04F79EFBC}") = "01c.FillMatrixDiagonally", "01c.FillMatrixDiagonally\01c.FillMatrixDiagonally.csproj", "{C03C9134-61D4-4984-AB00-07A6B25BD4D5}"
EndProject
Project("{FAE04EC0-301F-11D3-BF4B-00C04F79EFBC}") = "01d.FillAndPrintSpiralMatrix", "01d.FillAndPrintSpiralMatrix\01d.FillAndPrintSpiralMatrix.csproj", "{DAA12F67-38B0-4B6B-A18D-F9C6EDEC6D88}"
EndProject
Project("{FAE04EC0-301F-11D3-BF4B-00C04F79EFBC}") = "04.BiggestNumInArrBinarySearch", "04.BiggestNumInArrBinarySearch\04.BiggestNumInArrBinarySearch.csproj", "{DB553631-4A92-4931-BD2A-7FDAC02702D5}"
EndProject
Project("{FAE04EC0-301F-11D3-BF4B-00C04F79EFBC}") = "05.SortElementsOfStrArrayByLength", "05.SortElementsOfStrArrayByLength\05.SortElementsOfStrArrayByLength.csproj", "{9D2B0916-DE94-4D20-BDF5-EBEBA13EE7E2}"
EndProject
Project("{FAE04EC0-301F-11D3-BF4B-00C04F79EFBC}") = "03.FindLongestSeqOfEqualStrings", "03.FindLongestSeqOfEqualStrings\03.FindLongestSeqOfEqualStrings.csproj", "{47EAF7B7-B949-4571-897F-B193C9934231}"
EndProject
Global
	GlobalSection(TeamFoundationVersionControl) = preSolution
		SccNumberOfProjects = 9
		SccEnterpriseProvider = {4CA58AB2-18FA-4F8D-95D4-32DDF27D184C}
		SccTeamFoundationServer = https://sabrie.visualstudio.com/defaultcollection
		SccLocalPath0 = .
		SccProjectUniqueName1 = 01a.FillAndPrintAMatrix\\01a.FillAndPrintAMatrix.csproj
		SccProjectName1 = 01a.FillAndPrintAMatrix
		SccLocalPath1 = 01a.FillAndPrintAMatrix
		SccProjectUniqueName2 = 01b.FillAndPrintAMatrix\\01b.FillAndPrintAMatrix.csproj
		SccProjectName2 = 01b.FillAndPrintAMatrix
		SccLocalPath2 = 01b.FillAndPrintAMatrix
		SccProjectUniqueName3 = 01c.FillMatrixDiagonally\\01c.FillMatrixDiagonally.csproj
		SccProjectName3 = 01c.FillMatrixDiagonally
		SccLocalPath3 = 01c.FillMatrixDiagonally
		SccProjectUniqueName4 = 01d.FillAndPrintSpiralMatrix\\01d.FillAndPrintSpiralMatrix.csproj
		SccProjectName4 = 01d.FillAndPrintSpiralMatrix
		SccLocalPath4 = 01d.FillAndPrintSpiralMatrix
		SccProjectUniqueName5 = 02.Square3x3InMatrixWithMaxSum\\02.Square3x3InMatrixWithMaxSum.csproj
		SccProjectName5 = 02.Square3x3InMatrixWithMaxSum
		SccLocalPath5 = 02.Square3x3InMatrixWithMaxSum
		SccProjectUniqueName6 = 03.FindLongestSeqOfEqualStrings\\03.FindLongestSeqOfEqualStrings.csproj
		SccProjectName6 = 03.FindLongestSeqOfEqualStrings
		SccLocalPath6 = 03.FindLongestSeqOfEqualStrings
		SccProjectUniqueName7 = 04.BiggestNumInArrBinarySearch\\04.BiggestNumInArrBinarySearch.csproj
		SccProjectName7 = 04.BiggestNumInArrBinarySearch
		SccLocalPath7 = 04.BiggestNumInArrBinarySearch
		SccProjectUniqueName8 = 05.SortElementsOfStrArrayByLength\\05.SortElementsOfStrArrayByLength.csproj
		SccProjectName8 = 05.SortElementsOfStrArrayByLength
		SccLocalPath8 = 05.SortElementsOfStrArrayByLength
	EndGlobalSection
	GlobalSection(SolutionConfigurationPlatforms) = preSolution
		Debug|Any CPU = Debug|Any CPU
		Debug|Mixed Platforms = Debug|Mixed Platforms
		Debug|x86 = Debug|x86
		Release|Any CPU = Release|Any CPU
		Release|Mixed Platforms = Release|Mixed Platforms
		Release|x86 = Release|x86
	EndGlobalSection
	GlobalSection(ProjectConfigurationPlatforms) = postSolution
		{B166F36E-71B3-492B-A686-9E9F007D2323}.Debug|Any CPU.ActiveCfg = Debug|x86
		{B166F36E-71B3-492B-A686-9E9F007D2323}.Debug|Mixed Platforms.ActiveCfg = Debug|x86
		{B166F36E-71B3-492B-A686-9E9F007D2323}.Debug|Mixed Platforms.Build.0 = Debug|x86
		{B166F36E-71B3-492B-A686-9E9F007D2323}.Debug|x86.ActiveCfg = Debug|x86
		{B166F36E-71B3-492B-A686-9E9F007D2323}.Debug|x86.Build.0 = Debug|x86
		{B166F36E-71B3-492B-A686-9E9F007D2323}.Release|Any CPU.ActiveCfg = Release|x86
		{B166F36E-71B3-492B-A686-9E9F007D2323}.Release|Mixed Platforms.ActiveCfg = Release|x86
		{B166F36E-71B3-492B-A686-9E9F007D2323}.Release|Mixed Platforms.Build.0 = Release|x86
		{B166F36E-71B3-492B-A686-9E9F007D2323}.Release|x86.ActiveCfg = Release|x86
		{B166F36E-71B3-492B-A686-9E9F007D2323}.Release|x86.Build.0 = Release|x86
		{D4D53813-A3B0-42DA-B6DF-27CA1C0FF091}.Debug|Any CPU.ActiveCfg = Debug|x86
		{D4D53813-A3B0-42DA-B6DF-27CA1C0FF091}.Debug|Mixed Platforms.ActiveCfg = Debug|x86
		{D4D53813-A3B0-42DA-B6DF-27CA1C0FF091}.Debug|Mixed Platforms.Build.0 = Debug|x86
		{D4D53813-A3B0-42DA-B6DF-27CA1C0FF091}.Debug|x86.ActiveCfg = Debug|x86
		{D4D53813-A3B0-42DA-B6DF-27CA1C0FF091}.Debug|x86.Build.0 = Debug|x86
		{D4D53813-A3B0-42DA-B6DF-27CA1C0FF091}.Release|Any CPU.ActiveCfg = Release|x86
		{D4D53813-A3B0-42DA-B6DF-27CA1C0FF091}.Release|Mixed Platforms.ActiveCfg = Release|x86
		{D4D53813-A3B0-42DA-B6DF-27CA1C0FF091}.Release|Mixed Platforms.Build.0 = Release|x86
		{D4D53813-A3B0-42DA-B6DF-27CA1C0FF091}.Release|x86.ActiveCfg = Release|x86
		{D4D53813-A3B0-42DA-B6DF-27CA1C0FF091}.Release|x86.Build.0 = Release|x86
		{CEC78532-7D9B-4970-9C5B-BF4BC3D6B5F3}.Debug|Any CPU.ActiveCfg = Debug|x86
		{CEC78532-7D9B-4970-9C5B-BF4BC3D6B5F3}.Debug|Mixed Platforms.ActiveCfg = Debug|x86
		{CEC78532-7D9B-4970-9C5B-BF4BC3D6B5F3}.Debug|Mixed Platforms.Build.0 = Debug|x86
		{CEC78532-7D9B-4970-9C5B-BF4BC3D6B5F3}.Debug|x86.ActiveCfg = Debug|x86
		{CEC78532-7D9B-4970-9C5B-BF4BC3D6B5F3}.Debug|x86.Build.0 = Debug|x86
		{CEC78532-7D9B-4970-9C5B-BF4BC3D6B5F3}.Release|Any CPU.ActiveCfg = Release|x86
		{CEC78532-7D9B-4970-9C5B-BF4BC3D6B5F3}.Release|Mixed Platforms.ActiveCfg = Release|x86
		{CEC78532-7D9B-4970-9C5B-BF4BC3D6B5F3}.Release|Mixed Platforms.Build.0 = Release|x86
		{CEC78532-7D9B-4970-9C5B-BF4BC3D6B5F3}.Release|x86.ActiveCfg = Release|x86
		{CEC78532-7D9B-4970-9C5B-BF4BC3D6B5F3}.Release|x86.Build.0 = Release|x86
		{C03C9134-61D4-4984-AB00-07A6B25BD4D5}.Debug|Any CPU.ActiveCfg = Debug|Any CPU
		{C03C9134-61D4-4984-AB00-07A6B25BD4D5}.Debug|Any CPU.Build.0 = Debug|Any CPU
		{C03C9134-61D4-4984-AB00-07A6B25BD4D5}.Debug|Mixed Platforms.ActiveCfg = Debug|Any CPU
		{C03C9134-61D4-4984-AB00-07A6B25BD4D5}.Debug|Mixed Platforms.Build.0 = Debug|Any CPU
		{C03C9134-61D4-4984-AB00-07A6B25BD4D5}.Debug|x86.ActiveCfg = Debug|Any CPU
		{C03C9134-61D4-4984-AB00-07A6B25BD4D5}.Release|Any CPU.ActiveCfg = Release|Any CPU
		{C03C9134-61D4-4984-AB00-07A6B25BD4D5}.Release|Any CPU.Build.0 = Release|Any CPU
		{C03C9134-61D4-4984-AB00-07A6B25BD4D5}.Release|Mixed Platforms.ActiveCfg = Release|Any CPU
		{C03C9134-61D4-4984-AB00-07A6B25BD4D5}.Release|Mixed Platforms.Build.0 = Release|Any CPU
		{C03C9134-61D4-4984-AB00-07A6B25BD4D5}.Release|x86.ActiveCfg = Release|Any CPU
		{DAA12F67-38B0-4B6B-A18D-F9C6EDEC6D88}.Debug|Any CPU.ActiveCfg = Debug|Any CPU
		{DAA12F67-38B0-4B6B-A18D-F9C6EDEC6D88}.Debug|Any CPU.Build.0 = Debug|Any CPU
		{DAA12F67-38B0-4B6B-A18D-F9C6EDEC6D88}.Debug|Mixed Platforms.ActiveCfg = Debug|Any CPU
		{DAA12F67-38B0-4B6B-A18D-F9C6EDEC6D88}.Debug|Mixed Platforms.Build.0 = Debug|Any CPU
		{DAA12F67-38B0-4B6B-A18D-F9C6EDEC6D88}.Debug|x86.ActiveCfg = Debug|Any CPU
		{DAA12F67-38B0-4B6B-A18D-F9C6EDEC6D88}.Release|Any CPU.ActiveCfg = Release|Any CPU
		{DAA12F67-38B0-4B6B-A18D-F9C6EDEC6D88}.Release|Any CPU.Build.0 = Release|Any CPU
		{DAA12F67-38B0-4B6B-A18D-F9C6EDEC6D88}.Release|Mixed Platforms.ActiveCfg = Release|Any CPU
		{DAA12F67-38B0-4B6B-A18D-F9C6EDEC6D88}.Release|Mixed Platforms.Build.0 = Release|Any CPU
		{DAA12F67-38B0-4B6B-A18D-F9C6EDEC6D88}.Release|x86.ActiveCfg = Release|Any CPU
		{DB553631-4A92-4931-BD2A-7FDAC02702D5}.Debug|Any CPU.ActiveCfg = Debug|Any CPU
		{DB553631-4A92-4931-BD2A-7FDAC02702D5}.Debug|Any CPU.Build.0 = Debug|Any CPU
		{DB553631-4A92-4931-BD2A-7FDAC02702D5}.Debug|Mixed Platforms.ActiveCfg = Debug|Any CPU
		{DB553631-4A92-4931-BD2A-7FDAC02702D5}.Debug|Mixed Platforms.Build.0 = Debug|Any CPU
		{DB553631-4A92-4931-BD2A-7FDAC02702D5}.Debug|x86.ActiveCfg = Debug|Any CPU
		{DB553631-4A92-4931-BD2A-7FDAC02702D5}.Release|Any CPU.ActiveCfg = Release|Any CPU
		{DB553631-4A92-4931-BD2A-7FDAC02702D5}.Release|Any CPU.Build.0 = Release|Any CPU
		{DB553631-4A92-4931-BD2A-7FDAC02702D5}.Release|Mixed Platforms.ActiveCfg = Release|Any CPU
		{DB553631-4A92-4931-BD2A-7FDAC02702D5}.Release|Mixed Platforms.Build.0 = Release|Any CPU
		{DB553631-4A92-4931-BD2A-7FDAC02702D5}.Release|x86.ActiveCfg = Release|Any CPU
		{9D2B0916-DE94-4D20-BDF5-EBEBA13EE7E2}.Debug|Any CPU.ActiveCfg = Debug|Any CPU
		{9D2B0916-DE94-4D20-BDF5-EBEBA13EE7E2}.Debug|Any CPU.Build.0 = Debug|Any CPU
		{9D2B0916-DE94-4D20-BDF5-EBEBA13EE7E2}.Debug|Mixed Platforms.ActiveCfg = Debug|Any CPU
		{9D2B0916-DE94-4D20-BDF5-EBEBA13EE7E2}.Debug|Mixed Platforms.Build.0 = Debug|Any CPU
		{9D2B0916-DE94-4D20-BDF5-EBEBA13EE7E2}.Debug|x86.ActiveCfg = Debug|Any CPU
		{9D2B0916-DE94-4D20-BDF5-EBEBA13EE7E2}.Release|Any CPU.ActiveCfg = Release|Any CPU
		{9D2B0916-DE94-4D20-BDF5-EBEBA13EE7E2}.Release|Any CPU.Build.0 = Release|Any CPU
		{9D2B0916-DE94-4D20-BDF5-EBEBA13EE7E2}.Release|Mixed Platforms.ActiveCfg = Release|Any CPU
		{9D2B0916-DE94-4D20-BDF5-EBEBA13EE7E2}.Release|Mixed Platforms.Build.0 = Release|Any CPU
		{9D2B0916-DE94-4D20-BDF5-EBEBA13EE7E2}.Release|x86.ActiveCfg = Release|Any CPU
		{47EAF7B7-B949-4571-897F-B193C9934231}.Debug|Any CPU.ActiveCfg = Debug|Any CPU
		{47EAF7B7-B949-4571-897F-B193C9934231}.Debug|Any CPU.Build.0 = Debug|Any CPU
		{47EAF7B7-B949-4571-897F-B193C9934231}.Debug|Mixed Platforms.ActiveCfg = Debug|Any CPU
		{47EAF7B7-B949-4571-897F-B193C9934231}.Debug|Mixed Platforms.Build.0 = Debug|Any CPU
		{47EAF7B7-B949-4571-897F-B193C9934231}.Debug|x86.ActiveCfg = Debug|Any CPU
		{47EAF7B7-B949-4571-897F-B193C9934231}.Release|Any CPU.ActiveCfg = Release|Any CPU
		{47EAF7B7-B949-4571-897F-B193C9934231}.Release|Any CPU.Build.0 = Release|Any CPU
		{47EAF7B7-B949-4571-897F-B193C9934231}.Release|Mixed Platforms.ActiveCfg = Release|Any CPU
		{47EAF7B7-B949-4571-897F-B193C9934231}.Release|Mixed Platforms.Build.0 = Release|Any CPU
		{47EAF7B7-B949-4571-897F-B193C9934231}.Release|x86.ActiveCfg = Release|Any CPU
	EndGlobalSection
	GlobalSection(SolutionProperties) = preSolution
		HideSolutionNode = FALSE
	EndGlobalSection
EndGlobal
