
Microsoft Visual Studio Solution File, Format Version 12.00
# Visual Studio 2012
Project("{FAE04EC0-301F-11D3-BF4B-00C04F79EFBC}") = "Northwind.Data", "Northwind.Data\Northwind.Data.csproj", "{833367F8-E081-456E-94D6-F9EE9181835B}"
EndProject
Project("{FAE04EC0-301F-11D3-BF4B-00C04F79EFBC}") = "Northwind.Client", "Northwind.Client\Northwind.Client.csproj", "{7652B9C5-31CE-4B5A-9E9D-EDE2C1CE7ECC}"
EndProject
Global
	GlobalSection(SolutionConfigurationPlatforms) = preSolution
		Debug|Any CPU = Debug|Any CPU
		Release|Any CPU = Release|Any CPU
	EndGlobalSection
	GlobalSection(ProjectConfigurationPlatforms) = postSolution
		{833367F8-E081-456E-94D6-F9EE9181835B}.Debug|Any CPU.ActiveCfg = Debug|Any CPU
		{833367F8-E081-456E-94D6-F9EE9181835B}.Debug|Any CPU.Build.0 = Debug|Any CPU
		{833367F8-E081-456E-94D6-F9EE9181835B}.Release|Any CPU.ActiveCfg = Release|Any CPU
		{833367F8-E081-456E-94D6-F9EE9181835B}.Release|Any CPU.Build.0 = Release|Any CPU
		{7652B9C5-31CE-4B5A-9E9D-EDE2C1CE7ECC}.Debug|Any CPU.ActiveCfg = Debug|Any CPU
		{7652B9C5-31CE-4B5A-9E9D-EDE2C1CE7ECC}.Debug|Any CPU.Build.0 = Debug|Any CPU
		{7652B9C5-31CE-4B5A-9E9D-EDE2C1CE7ECC}.Release|Any CPU.ActiveCfg = Release|Any CPU
		{7652B9C5-31CE-4B5A-9E9D-EDE2C1CE7ECC}.Release|Any CPU.Build.0 = Release|Any CPU
	EndGlobalSection
	GlobalSection(SolutionProperties) = preSolution
		HideSolutionNode = FALSE
	EndGlobalSection
EndGlobal
