
Microsoft Visual Studio Solution File, Format Version 12.00
# Visual Studio 2012
Project("{FAE04EC0-301F-11D3-BF4B-00C04F79EFBC}") = "01.WebPageWithLESS", "01.WebPageWithLESS\01.WebPageWithLESS.csproj", "{A2817EBF-729A-4DD9-841A-D2736A16F099}"
EndProject
Global
	GlobalSection(SolutionConfigurationPlatforms) = preSolution
		Debug|Any CPU = Debug|Any CPU
		Release|Any CPU = Release|Any CPU
	EndGlobalSection
	GlobalSection(ProjectConfigurationPlatforms) = postSolution
		{A2817EBF-729A-4DD9-841A-D2736A16F099}.Debug|Any CPU.ActiveCfg = Debug|Any CPU
		{A2817EBF-729A-4DD9-841A-D2736A16F099}.Debug|Any CPU.Build.0 = Debug|Any CPU
		{A2817EBF-729A-4DD9-841A-D2736A16F099}.Release|Any CPU.ActiveCfg = Release|Any CPU
		{A2817EBF-729A-4DD9-841A-D2736A16F099}.Release|Any CPU.Build.0 = Release|Any CPU
	EndGlobalSection
	GlobalSection(SolutionProperties) = preSolution
		HideSolutionNode = FALSE
	EndGlobalSection
EndGlobal
