
Microsoft Visual Studio Solution File, Format Version 12.00
# Visual Studio 2012
Project("{FAE04EC0-301F-11D3-BF4B-00C04F79EFBC}") = "01.DOMModul", "01.DOMModul\01.DOMModul.csproj", "{A501A544-03CC-4BD6-8B26-06245ECF83D6}"
EndProject
Project("{FAE04EC0-301F-11D3-BF4B-00C04F79EFBC}") = "02.MovingShapes", "02.MovingShapes\02.MovingShapes.csproj", "{AF46B5BC-D7F0-4AD5-98B6-5A7984A492DC}"
EndProject
Project("{FAE04EC0-301F-11D3-BF4B-00C04F79EFBC}") = "03.ConsoleModule", "03.ConsoleModule\03.ConsoleModule.csproj", "{4F90618E-8E11-4DC8-A6CC-BEB46B092B19}"
EndProject
Global
	GlobalSection(SolutionConfigurationPlatforms) = preSolution
		Debug|Any CPU = Debug|Any CPU
		Release|Any CPU = Release|Any CPU
	EndGlobalSection
	GlobalSection(ProjectConfigurationPlatforms) = postSolution
		{A501A544-03CC-4BD6-8B26-06245ECF83D6}.Debug|Any CPU.ActiveCfg = Debug|Any CPU
		{A501A544-03CC-4BD6-8B26-06245ECF83D6}.Debug|Any CPU.Build.0 = Debug|Any CPU
		{A501A544-03CC-4BD6-8B26-06245ECF83D6}.Release|Any CPU.ActiveCfg = Release|Any CPU
		{A501A544-03CC-4BD6-8B26-06245ECF83D6}.Release|Any CPU.Build.0 = Release|Any CPU
		{AF46B5BC-D7F0-4AD5-98B6-5A7984A492DC}.Debug|Any CPU.ActiveCfg = Debug|Any CPU
		{AF46B5BC-D7F0-4AD5-98B6-5A7984A492DC}.Debug|Any CPU.Build.0 = Debug|Any CPU
		{AF46B5BC-D7F0-4AD5-98B6-5A7984A492DC}.Release|Any CPU.ActiveCfg = Release|Any CPU
		{AF46B5BC-D7F0-4AD5-98B6-5A7984A492DC}.Release|Any CPU.Build.0 = Release|Any CPU
		{4F90618E-8E11-4DC8-A6CC-BEB46B092B19}.Debug|Any CPU.ActiveCfg = Debug|Any CPU
		{4F90618E-8E11-4DC8-A6CC-BEB46B092B19}.Debug|Any CPU.Build.0 = Debug|Any CPU
		{4F90618E-8E11-4DC8-A6CC-BEB46B092B19}.Release|Any CPU.ActiveCfg = Release|Any CPU
		{4F90618E-8E11-4DC8-A6CC-BEB46B092B19}.Release|Any CPU.Build.0 = Release|Any CPU
	EndGlobalSection
	GlobalSection(SolutionProperties) = preSolution
		HideSolutionNode = FALSE
	EndGlobalSection
EndGlobal
