
Microsoft Visual Studio Solution File, Format Version 12.00
# Visual Studio 2012
Project("{FAE04EC0-301F-11D3-BF4B-00C04F79EFBC}") = "01.Cook", "01.Cook\01.Cook.csproj", "{990087DC-2197-4232-A423-96987305411B}"
EndProject
Project("{FAE04EC0-301F-11D3-BF4B-00C04F79EFBC}") = "02.RefactorIfStatements", "02.RefactorIfStatements\02.RefactorIfStatements.csproj", "{72785D66-4392-40CC-BF1A-8E4EE71B3C0D}"
EndProject
Project("{FAE04EC0-301F-11D3-BF4B-00C04F79EFBC}") = "03.RefactorLoop", "03.RefactorLoop\03.RefactorLoop.csproj", "{B632FB2C-8711-4735-9208-CFF16B415E94}"
EndProject
Global
	GlobalSection(SolutionConfigurationPlatforms) = preSolution
		Debug|Any CPU = Debug|Any CPU
		Release|Any CPU = Release|Any CPU
	EndGlobalSection
	GlobalSection(ProjectConfigurationPlatforms) = postSolution
		{990087DC-2197-4232-A423-96987305411B}.Debug|Any CPU.ActiveCfg = Debug|Any CPU
		{990087DC-2197-4232-A423-96987305411B}.Debug|Any CPU.Build.0 = Debug|Any CPU
		{990087DC-2197-4232-A423-96987305411B}.Release|Any CPU.ActiveCfg = Release|Any CPU
		{990087DC-2197-4232-A423-96987305411B}.Release|Any CPU.Build.0 = Release|Any CPU
		{72785D66-4392-40CC-BF1A-8E4EE71B3C0D}.Debug|Any CPU.ActiveCfg = Debug|Any CPU
		{72785D66-4392-40CC-BF1A-8E4EE71B3C0D}.Debug|Any CPU.Build.0 = Debug|Any CPU
		{72785D66-4392-40CC-BF1A-8E4EE71B3C0D}.Release|Any CPU.ActiveCfg = Release|Any CPU
		{72785D66-4392-40CC-BF1A-8E4EE71B3C0D}.Release|Any CPU.Build.0 = Release|Any CPU
		{B632FB2C-8711-4735-9208-CFF16B415E94}.Debug|Any CPU.ActiveCfg = Debug|Any CPU
		{B632FB2C-8711-4735-9208-CFF16B415E94}.Debug|Any CPU.Build.0 = Debug|Any CPU
		{B632FB2C-8711-4735-9208-CFF16B415E94}.Release|Any CPU.ActiveCfg = Release|Any CPU
		{B632FB2C-8711-4735-9208-CFF16B415E94}.Release|Any CPU.Build.0 = Release|Any CPU
	EndGlobalSection
	GlobalSection(SolutionProperties) = preSolution
		HideSolutionNode = FALSE
	EndGlobalSection
EndGlobal
