
Microsoft Visual Studio Solution File, Format Version 12.00
# Visual Studio 2012
Project("{FAE04EC0-301F-11D3-BF4B-00C04F79EFBC}") = "01.PlanarCoordinateSystem", "01.PlanarCoordinateSystem\01.PlanarCoordinateSystem.csproj", "{D6A92220-34A1-4233-912D-7F2E43CEC06F}"
EndProject
Project("{FAE04EC0-301F-11D3-BF4B-00C04F79EFBC}") = "02.RemoveElementFromArr", "02.RemoveElementFromArr\02.RemoveElementFromArr.csproj", "{3BEB9E79-DD73-4EBC-8E09-E5EE3BA3AC84}"
EndProject
Project("{FAE04EC0-301F-11D3-BF4B-00C04F79EFBC}") = "03.DeepCopyOfObj", "03.DeepCopyOfObj\03.DeepCopyOfObj.csproj", "{B7D5FE4B-CCE9-4D1D-A18C-65DF24D4A846}"
EndProject
Project("{FAE04EC0-301F-11D3-BF4B-00C04F79EFBC}") = "04.IfObjContainsGivenProp", "04.IfObjContainsGivenProp\04.IfObjContainsGivenProp.csproj", "{38B49ED7-EC33-4864-A6F7-DC4D2E801AB0}"
EndProject
Project("{FAE04EC0-301F-11D3-BF4B-00C04F79EFBC}") = "05.FindYoungestPerson", "05.FindYoungestPerson\05.FindYoungestPerson.csproj", "{F4C21E40-A7AA-4E65-9B0D-2F0A23549B83}"
EndProject
Project("{FAE04EC0-301F-11D3-BF4B-00C04F79EFBC}") = "06.GroupPersonsByGivenProp", "06.GroupPersonsByGivenProp\06.GroupPersonsByGivenProp.csproj", "{379D88C7-7BAE-4AB8-95BE-03D5F797A986}"
EndProject
Global
	GlobalSection(SolutionConfigurationPlatforms) = preSolution
		Debug|Any CPU = Debug|Any CPU
		Release|Any CPU = Release|Any CPU
	EndGlobalSection
	GlobalSection(ProjectConfigurationPlatforms) = postSolution
		{D6A92220-34A1-4233-912D-7F2E43CEC06F}.Debug|Any CPU.ActiveCfg = Debug|Any CPU
		{D6A92220-34A1-4233-912D-7F2E43CEC06F}.Debug|Any CPU.Build.0 = Debug|Any CPU
		{D6A92220-34A1-4233-912D-7F2E43CEC06F}.Release|Any CPU.ActiveCfg = Release|Any CPU
		{D6A92220-34A1-4233-912D-7F2E43CEC06F}.Release|Any CPU.Build.0 = Release|Any CPU
		{3BEB9E79-DD73-4EBC-8E09-E5EE3BA3AC84}.Debug|Any CPU.ActiveCfg = Debug|Any CPU
		{3BEB9E79-DD73-4EBC-8E09-E5EE3BA3AC84}.Debug|Any CPU.Build.0 = Debug|Any CPU
		{3BEB9E79-DD73-4EBC-8E09-E5EE3BA3AC84}.Release|Any CPU.ActiveCfg = Release|Any CPU
		{3BEB9E79-DD73-4EBC-8E09-E5EE3BA3AC84}.Release|Any CPU.Build.0 = Release|Any CPU
		{B7D5FE4B-CCE9-4D1D-A18C-65DF24D4A846}.Debug|Any CPU.ActiveCfg = Debug|Any CPU
		{B7D5FE4B-CCE9-4D1D-A18C-65DF24D4A846}.Debug|Any CPU.Build.0 = Debug|Any CPU
		{B7D5FE4B-CCE9-4D1D-A18C-65DF24D4A846}.Release|Any CPU.ActiveCfg = Release|Any CPU
		{B7D5FE4B-CCE9-4D1D-A18C-65DF24D4A846}.Release|Any CPU.Build.0 = Release|Any CPU
		{38B49ED7-EC33-4864-A6F7-DC4D2E801AB0}.Debug|Any CPU.ActiveCfg = Debug|Any CPU
		{38B49ED7-EC33-4864-A6F7-DC4D2E801AB0}.Debug|Any CPU.Build.0 = Debug|Any CPU
		{38B49ED7-EC33-4864-A6F7-DC4D2E801AB0}.Release|Any CPU.ActiveCfg = Release|Any CPU
		{38B49ED7-EC33-4864-A6F7-DC4D2E801AB0}.Release|Any CPU.Build.0 = Release|Any CPU
		{F4C21E40-A7AA-4E65-9B0D-2F0A23549B83}.Debug|Any CPU.ActiveCfg = Debug|Any CPU
		{F4C21E40-A7AA-4E65-9B0D-2F0A23549B83}.Debug|Any CPU.Build.0 = Debug|Any CPU
		{F4C21E40-A7AA-4E65-9B0D-2F0A23549B83}.Release|Any CPU.ActiveCfg = Release|Any CPU
		{F4C21E40-A7AA-4E65-9B0D-2F0A23549B83}.Release|Any CPU.Build.0 = Release|Any CPU
		{379D88C7-7BAE-4AB8-95BE-03D5F797A986}.Debug|Any CPU.ActiveCfg = Debug|Any CPU
		{379D88C7-7BAE-4AB8-95BE-03D5F797A986}.Debug|Any CPU.Build.0 = Debug|Any CPU
		{379D88C7-7BAE-4AB8-95BE-03D5F797A986}.Release|Any CPU.ActiveCfg = Release|Any CPU
		{379D88C7-7BAE-4AB8-95BE-03D5F797A986}.Release|Any CPU.Build.0 = Release|Any CPU
	EndGlobalSection
	GlobalSection(SolutionProperties) = preSolution
		HideSolutionNode = FALSE
	EndGlobalSection
EndGlobal
