
Microsoft Visual Studio Solution File, Format Version 12.00
# Visual Studio 2012
Project("{FAE04EC0-301F-11D3-BF4B-00C04F79EFBC}") = "Students", "Students\Students.csproj", "{6C034C16-5FBA-4B30-9FE0-086E1A32FF1C}"
EndProject
Project("{FAE04EC0-301F-11D3-BF4B-00C04F79EFBC}") = "StudentsConsole", "StudentsConsole\StudentsConsole.csproj", "{0AF613AB-9DFF-44D4-B3BD-CF0C15DC38B6}"
EndProject
Global
	GlobalSection(SolutionConfigurationPlatforms) = preSolution
		Debug|Any CPU = Debug|Any CPU
		Release|Any CPU = Release|Any CPU
	EndGlobalSection
	GlobalSection(ProjectConfigurationPlatforms) = postSolution
		{6C034C16-5FBA-4B30-9FE0-086E1A32FF1C}.Debug|Any CPU.ActiveCfg = Debug|Any CPU
		{6C034C16-5FBA-4B30-9FE0-086E1A32FF1C}.Debug|Any CPU.Build.0 = Debug|Any CPU
		{6C034C16-5FBA-4B30-9FE0-086E1A32FF1C}.Release|Any CPU.ActiveCfg = Release|Any CPU
		{6C034C16-5FBA-4B30-9FE0-086E1A32FF1C}.Release|Any CPU.Build.0 = Release|Any CPU
		{0AF613AB-9DFF-44D4-B3BD-CF0C15DC38B6}.Debug|Any CPU.ActiveCfg = Debug|Any CPU
		{0AF613AB-9DFF-44D4-B3BD-CF0C15DC38B6}.Debug|Any CPU.Build.0 = Debug|Any CPU
		{0AF613AB-9DFF-44D4-B3BD-CF0C15DC38B6}.Release|Any CPU.ActiveCfg = Release|Any CPU
		{0AF613AB-9DFF-44D4-B3BD-CF0C15DC38B6}.Release|Any CPU.Build.0 = Release|Any CPU
	EndGlobalSection
	GlobalSection(SolutionProperties) = preSolution
		HideSolutionNode = FALSE
	EndGlobalSection
EndGlobal
