
Microsoft Visual Studio Solution File, Format Version 12.00
# Visual Studio 2012
Project("{FAE04EC0-301F-11D3-BF4B-00C04F79EFBC}") = "01.TableView", "01.TableView\01.TableView.csproj", "{DD96BC80-8B28-4191-A4E3-28F87AABC63F}"
EndProject
Project("{FAE04EC0-301F-11D3-BF4B-00C04F79EFBC}") = "Students.Services", "Students.Services\Students.Services.csproj", "{9D8C55A9-9229-4286-AA68-203A11F2A710}"
EndProject
Project("{FAE04EC0-301F-11D3-BF4B-00C04F79EFBC}") = "02.MasterDetailForStudents", "02.MasterDetailForStudents\02.MasterDetailForStudents.csproj", "{16A472E1-6776-4F0B-97AF-BE77AF9D0EDC}"
EndProject
Global
	GlobalSection(SolutionConfigurationPlatforms) = preSolution
		Debug|Any CPU = Debug|Any CPU
		Release|Any CPU = Release|Any CPU
	EndGlobalSection
	GlobalSection(ProjectConfigurationPlatforms) = postSolution
		{DD96BC80-8B28-4191-A4E3-28F87AABC63F}.Debug|Any CPU.ActiveCfg = Debug|Any CPU
		{DD96BC80-8B28-4191-A4E3-28F87AABC63F}.Debug|Any CPU.Build.0 = Debug|Any CPU
		{DD96BC80-8B28-4191-A4E3-28F87AABC63F}.Release|Any CPU.ActiveCfg = Release|Any CPU
		{DD96BC80-8B28-4191-A4E3-28F87AABC63F}.Release|Any CPU.Build.0 = Release|Any CPU
		{9D8C55A9-9229-4286-AA68-203A11F2A710}.Debug|Any CPU.ActiveCfg = Debug|Any CPU
		{9D8C55A9-9229-4286-AA68-203A11F2A710}.Debug|Any CPU.Build.0 = Debug|Any CPU
		{9D8C55A9-9229-4286-AA68-203A11F2A710}.Release|Any CPU.ActiveCfg = Release|Any CPU
		{9D8C55A9-9229-4286-AA68-203A11F2A710}.Release|Any CPU.Build.0 = Release|Any CPU
		{16A472E1-6776-4F0B-97AF-BE77AF9D0EDC}.Debug|Any CPU.ActiveCfg = Debug|Any CPU
		{16A472E1-6776-4F0B-97AF-BE77AF9D0EDC}.Debug|Any CPU.Build.0 = Debug|Any CPU
		{16A472E1-6776-4F0B-97AF-BE77AF9D0EDC}.Release|Any CPU.ActiveCfg = Release|Any CPU
		{16A472E1-6776-4F0B-97AF-BE77AF9D0EDC}.Release|Any CPU.Build.0 = Release|Any CPU
	EndGlobalSection
	GlobalSection(SolutionProperties) = preSolution
		HideSolutionNode = FALSE
	EndGlobalSection
EndGlobal
