
Microsoft Visual Studio Solution File, Format Version 12.00
# Visual Studio 2012
Project("{FAE04EC0-301F-11D3-BF4B-00C04F79EFBC}") = "01.ArrElemEqualToIndexMultiplBy5", "01.ArrElemEqualToIndexMultiplBy5\01.ArrElemEqualToIndexMultiplBy5.csproj", "{092770E4-A848-4E13-86DD-F4A8080BEC07}"
EndProject
Project("{FAE04EC0-301F-11D3-BF4B-00C04F79EFBC}") = "02.CompareTwoCharArrays", "02.CompareTwoCharArrays\02.CompareTwoCharArrays.csproj", "{7C127C75-54D9-4DDC-A935-765B02B965F2}"
EndProject
Project("{FAE04EC0-301F-11D3-BF4B-00C04F79EFBC}") = "03.MaxSequenceOfEqualNumbers", "03.MaxSequenceOfEqualNumbers\03.MaxSequenceOfEqualNumbers.csproj", "{3BF1A011-215F-47CE-90B0-80811BF39915}"
EndProject
Project("{FAE04EC0-301F-11D3-BF4B-00C04F79EFBC}") = "04.MaxIncreasingSequenceInArray", "04.MaxIncreasingSequenceInArray\04.MaxIncreasingSequenceInArray.csproj", "{48C870A5-BDCF-4A1A-AEFE-F13A938B825A}"
EndProject
Project("{FAE04EC0-301F-11D3-BF4B-00C04F79EFBC}") = "05.SortArrayUsingSelectionSort", "05.SortArrayUsingSelectionSort\05.SortArrayUsingSelectionSort.csproj", "{AC93DFD9-2E7E-4FCB-86ED-1C44672EFB71}"
EndProject
Project("{FAE04EC0-301F-11D3-BF4B-00C04F79EFBC}") = "06.MostFrequentNumInArray", "06.MostFrequentNumInArray\06.MostFrequentNumInArray.csproj", "{9317F454-A578-4282-BA76-379260173C09}"
EndProject
Project("{FAE04EC0-301F-11D3-BF4B-00C04F79EFBC}") = "07.BinarySearchAlgorithm", "07.BinarySearchAlgorithm\07.BinarySearchAlgorithm.csproj", "{E5787C48-6F67-40A4-89FD-DA4E5123D456}"
EndProject
Global
	GlobalSection(SolutionConfigurationPlatforms) = preSolution
		Debug|Any CPU = Debug|Any CPU
		Release|Any CPU = Release|Any CPU
	EndGlobalSection
	GlobalSection(ProjectConfigurationPlatforms) = postSolution
		{092770E4-A848-4E13-86DD-F4A8080BEC07}.Debug|Any CPU.ActiveCfg = Debug|Any CPU
		{092770E4-A848-4E13-86DD-F4A8080BEC07}.Debug|Any CPU.Build.0 = Debug|Any CPU
		{092770E4-A848-4E13-86DD-F4A8080BEC07}.Release|Any CPU.ActiveCfg = Release|Any CPU
		{092770E4-A848-4E13-86DD-F4A8080BEC07}.Release|Any CPU.Build.0 = Release|Any CPU
		{7C127C75-54D9-4DDC-A935-765B02B965F2}.Debug|Any CPU.ActiveCfg = Debug|Any CPU
		{7C127C75-54D9-4DDC-A935-765B02B965F2}.Debug|Any CPU.Build.0 = Debug|Any CPU
		{7C127C75-54D9-4DDC-A935-765B02B965F2}.Release|Any CPU.ActiveCfg = Release|Any CPU
		{7C127C75-54D9-4DDC-A935-765B02B965F2}.Release|Any CPU.Build.0 = Release|Any CPU
		{3BF1A011-215F-47CE-90B0-80811BF39915}.Debug|Any CPU.ActiveCfg = Debug|Any CPU
		{3BF1A011-215F-47CE-90B0-80811BF39915}.Debug|Any CPU.Build.0 = Debug|Any CPU
		{3BF1A011-215F-47CE-90B0-80811BF39915}.Release|Any CPU.ActiveCfg = Release|Any CPU
		{3BF1A011-215F-47CE-90B0-80811BF39915}.Release|Any CPU.Build.0 = Release|Any CPU
		{48C870A5-BDCF-4A1A-AEFE-F13A938B825A}.Debug|Any CPU.ActiveCfg = Debug|Any CPU
		{48C870A5-BDCF-4A1A-AEFE-F13A938B825A}.Debug|Any CPU.Build.0 = Debug|Any CPU
		{48C870A5-BDCF-4A1A-AEFE-F13A938B825A}.Release|Any CPU.ActiveCfg = Release|Any CPU
		{48C870A5-BDCF-4A1A-AEFE-F13A938B825A}.Release|Any CPU.Build.0 = Release|Any CPU
		{AC93DFD9-2E7E-4FCB-86ED-1C44672EFB71}.Debug|Any CPU.ActiveCfg = Debug|Any CPU
		{AC93DFD9-2E7E-4FCB-86ED-1C44672EFB71}.Debug|Any CPU.Build.0 = Debug|Any CPU
		{AC93DFD9-2E7E-4FCB-86ED-1C44672EFB71}.Release|Any CPU.ActiveCfg = Release|Any CPU
		{AC93DFD9-2E7E-4FCB-86ED-1C44672EFB71}.Release|Any CPU.Build.0 = Release|Any CPU
		{9317F454-A578-4282-BA76-379260173C09}.Debug|Any CPU.ActiveCfg = Debug|Any CPU
		{9317F454-A578-4282-BA76-379260173C09}.Debug|Any CPU.Build.0 = Debug|Any CPU
		{9317F454-A578-4282-BA76-379260173C09}.Release|Any CPU.ActiveCfg = Release|Any CPU
		{9317F454-A578-4282-BA76-379260173C09}.Release|Any CPU.Build.0 = Release|Any CPU
		{E5787C48-6F67-40A4-89FD-DA4E5123D456}.Debug|Any CPU.ActiveCfg = Debug|Any CPU
		{E5787C48-6F67-40A4-89FD-DA4E5123D456}.Debug|Any CPU.Build.0 = Debug|Any CPU
		{E5787C48-6F67-40A4-89FD-DA4E5123D456}.Release|Any CPU.ActiveCfg = Release|Any CPU
		{E5787C48-6F67-40A4-89FD-DA4E5123D456}.Release|Any CPU.Build.0 = Release|Any CPU
	EndGlobalSection
	GlobalSection(SolutionProperties) = preSolution
		HideSolutionNode = FALSE
	EndGlobalSection
EndGlobal
