
Microsoft Visual Studio Solution File, Format Version 12.00
# Visual Studio 2012
Project("{FAE04EC0-301F-11D3-BF4B-00C04F79EFBC}") = "01.DictionaryInMongoDB", "01.DictionaryInMongoDB\01.DictionaryInMongoDB.csproj", "{A93B2874-2717-4B0D-A22C-FDC1FCBBC34A}"
EndProject
Project("{FAE04EC0-301F-11D3-BF4B-00C04F79EFBC}") = "02.DictionaryInRedis", "02.DictionaryInRedis\02.DictionaryInRedis.csproj", "{9F05CC62-D643-4A7A-A0DB-EC5366F5E372}"
EndProject
Global
	GlobalSection(SolutionConfigurationPlatforms) = preSolution
		Debug|Any CPU = Debug|Any CPU
		Release|Any CPU = Release|Any CPU
	EndGlobalSection
	GlobalSection(ProjectConfigurationPlatforms) = postSolution
		{A93B2874-2717-4B0D-A22C-FDC1FCBBC34A}.Debug|Any CPU.ActiveCfg = Debug|Any CPU
		{A93B2874-2717-4B0D-A22C-FDC1FCBBC34A}.Debug|Any CPU.Build.0 = Debug|Any CPU
		{A93B2874-2717-4B0D-A22C-FDC1FCBBC34A}.Release|Any CPU.ActiveCfg = Release|Any CPU
		{A93B2874-2717-4B0D-A22C-FDC1FCBBC34A}.Release|Any CPU.Build.0 = Release|Any CPU
		{9F05CC62-D643-4A7A-A0DB-EC5366F5E372}.Debug|Any CPU.ActiveCfg = Debug|Any CPU
		{9F05CC62-D643-4A7A-A0DB-EC5366F5E372}.Debug|Any CPU.Build.0 = Debug|Any CPU
		{9F05CC62-D643-4A7A-A0DB-EC5366F5E372}.Release|Any CPU.ActiveCfg = Release|Any CPU
		{9F05CC62-D643-4A7A-A0DB-EC5366F5E372}.Release|Any CPU.Build.0 = Release|Any CPU
	EndGlobalSection
	GlobalSection(SolutionProperties) = preSolution
		HideSolutionNode = FALSE
	EndGlobalSection
EndGlobal
