
Microsoft Visual Studio Solution File, Format Version 12.00
# Visual Studio 2013
VisualStudioVersion = 12.0.20827.3
MinimumVisualStudioVersion = 10.0.40219.1
Project("{FAE04EC0-301F-11D3-BF4B-00C04F79EFBC}") = "LibrarySystem", "LibrarySystem\LibrarySystem.csproj", "{123A8D4D-63DB-491A-98FB-3F7486257DD2}"
EndProject
Project("{FAE04EC0-301F-11D3-BF4B-00C04F79EFBC}") = "LibrarySystem.Models", "LibrarySystem.Models\LibrarySystem.Models.csproj", "{F86B9BEF-E5A2-408C-809E-0FEB7FDAB334}"
EndProject
Project("{FAE04EC0-301F-11D3-BF4B-00C04F79EFBC}") = "LibrarySystem.Context", "LibrarySystem.Context\LibrarySystem.Context.csproj", "{70869470-89FE-4525-A88F-7861BE81BA04}"
EndProject
Project("{2150E333-8FDC-42A3-9474-1A3956D46DE8}") = ".nuget", ".nuget", "{4B5763EB-059B-4572-9023-C5D0F0E9355C}"
	ProjectSection(SolutionItems) = preProject
		.nuget\NuGet.Config = .nuget\NuGet.Config
		.nuget\NuGet.exe = .nuget\NuGet.exe
		.nuget\NuGet.targets = .nuget\NuGet.targets
	EndProjectSection
EndProject
Global
	GlobalSection(SolutionConfigurationPlatforms) = preSolution
		Debug|Any CPU = Debug|Any CPU
		Release|Any CPU = Release|Any CPU
	EndGlobalSection
	GlobalSection(ProjectConfigurationPlatforms) = postSolution
		{123A8D4D-63DB-491A-98FB-3F7486257DD2}.Debug|Any CPU.ActiveCfg = Debug|Any CPU
		{123A8D4D-63DB-491A-98FB-3F7486257DD2}.Debug|Any CPU.Build.0 = Debug|Any CPU
		{123A8D4D-63DB-491A-98FB-3F7486257DD2}.Release|Any CPU.ActiveCfg = Release|Any CPU
		{123A8D4D-63DB-491A-98FB-3F7486257DD2}.Release|Any CPU.Build.0 = Release|Any CPU
		{F86B9BEF-E5A2-408C-809E-0FEB7FDAB334}.Debug|Any CPU.ActiveCfg = Debug|Any CPU
		{F86B9BEF-E5A2-408C-809E-0FEB7FDAB334}.Debug|Any CPU.Build.0 = Debug|Any CPU
		{F86B9BEF-E5A2-408C-809E-0FEB7FDAB334}.Release|Any CPU.ActiveCfg = Release|Any CPU
		{F86B9BEF-E5A2-408C-809E-0FEB7FDAB334}.Release|Any CPU.Build.0 = Release|Any CPU
		{70869470-89FE-4525-A88F-7861BE81BA04}.Debug|Any CPU.ActiveCfg = Debug|Any CPU
		{70869470-89FE-4525-A88F-7861BE81BA04}.Debug|Any CPU.Build.0 = Debug|Any CPU
		{70869470-89FE-4525-A88F-7861BE81BA04}.Release|Any CPU.ActiveCfg = Release|Any CPU
		{70869470-89FE-4525-A88F-7861BE81BA04}.Release|Any CPU.Build.0 = Release|Any CPU
	EndGlobalSection
	GlobalSection(SolutionProperties) = preSolution
		HideSolutionNode = FALSE
	EndGlobalSection
EndGlobal
