
Microsoft Visual Studio Solution File, Format Version 12.00
# Visual Studio 2012
Project("{FAE04EC0-301F-11D3-BF4B-00C04F79EFBC}") = "02.InsertDomElementBeforeAfter", "02.InsertDomElementBeforeAfter\02.InsertDomElementBeforeAfter.csproj", "{D0D29EB5-82F7-4F3E-B3F8-83CDCB484B13}"
EndProject
Project("{FAE04EC0-301F-11D3-BF4B-00C04F79EFBC}") = "04.ChangeBackgroundColor", "04.ChangeBackgroundColor\04.ChangeBackgroundColor.csproj", "{C01FC5C3-DCEE-4D17-B51D-F75E20D7F9B5}"
EndProject
Project("{FAE04EC0-301F-11D3-BF4B-00C04F79EFBC}") = "03.GenerateStudentsTable", "03.GenerateStudentsTable\03.GenerateStudentsTable.csproj", "{A4CA8E49-DCDF-48C2-A45B-28EC1AACD252}"
EndProject
Project("{FAE04EC0-301F-11D3-BF4B-00C04F79EFBC}") = "01.SliderControl", "01.SliderControl\01.SliderControl.csproj", "{6AC9CC64-F548-42A4-BB80-619315298A8A}"
EndProject
Global
	GlobalSection(SolutionConfigurationPlatforms) = preSolution
		Debug|Any CPU = Debug|Any CPU
		Release|Any CPU = Release|Any CPU
	EndGlobalSection
	GlobalSection(ProjectConfigurationPlatforms) = postSolution
		{D0D29EB5-82F7-4F3E-B3F8-83CDCB484B13}.Debug|Any CPU.ActiveCfg = Debug|Any CPU
		{D0D29EB5-82F7-4F3E-B3F8-83CDCB484B13}.Debug|Any CPU.Build.0 = Debug|Any CPU
		{D0D29EB5-82F7-4F3E-B3F8-83CDCB484B13}.Release|Any CPU.ActiveCfg = Release|Any CPU
		{D0D29EB5-82F7-4F3E-B3F8-83CDCB484B13}.Release|Any CPU.Build.0 = Release|Any CPU
		{C01FC5C3-DCEE-4D17-B51D-F75E20D7F9B5}.Debug|Any CPU.ActiveCfg = Debug|Any CPU
		{C01FC5C3-DCEE-4D17-B51D-F75E20D7F9B5}.Debug|Any CPU.Build.0 = Debug|Any CPU
		{C01FC5C3-DCEE-4D17-B51D-F75E20D7F9B5}.Release|Any CPU.ActiveCfg = Release|Any CPU
		{C01FC5C3-DCEE-4D17-B51D-F75E20D7F9B5}.Release|Any CPU.Build.0 = Release|Any CPU
		{A4CA8E49-DCDF-48C2-A45B-28EC1AACD252}.Debug|Any CPU.ActiveCfg = Debug|Any CPU
		{A4CA8E49-DCDF-48C2-A45B-28EC1AACD252}.Debug|Any CPU.Build.0 = Debug|Any CPU
		{A4CA8E49-DCDF-48C2-A45B-28EC1AACD252}.Release|Any CPU.ActiveCfg = Release|Any CPU
		{A4CA8E49-DCDF-48C2-A45B-28EC1AACD252}.Release|Any CPU.Build.0 = Release|Any CPU
		{6AC9CC64-F548-42A4-BB80-619315298A8A}.Debug|Any CPU.ActiveCfg = Debug|Any CPU
		{6AC9CC64-F548-42A4-BB80-619315298A8A}.Debug|Any CPU.Build.0 = Debug|Any CPU
		{6AC9CC64-F548-42A4-BB80-619315298A8A}.Release|Any CPU.ActiveCfg = Release|Any CPU
		{6AC9CC64-F548-42A4-BB80-619315298A8A}.Release|Any CPU.Build.0 = Release|Any CPU
	EndGlobalSection
	GlobalSection(SolutionProperties) = preSolution
		HideSolutionNode = FALSE
	EndGlobalSection
EndGlobal
