
Microsoft Visual Studio Solution File, Format Version 12.00
# Visual Studio 2012
Project("{FAE04EC0-301F-11D3-BF4B-00C04F79EFBC}") = "01.ExchangeValuesIfFirstGreater", "01.ExchangeValuesIfFirstGreater\01.ExchangeValuesIfFirstGreater.csproj", "{BD7F7267-277D-44D8-9D3B-C31068337790}"
EndProject
Project("{FAE04EC0-301F-11D3-BF4B-00C04F79EFBC}") = "02.ShowSignOfProductOfThreeNums", "02.ShowSignOfProductOfThreeNums\02.ShowSignOfProductOfThreeNums.csproj", "{DDAE5EBA-69C0-4809-BB76-498EA83C794C}"
EndProject
Project("{FAE04EC0-301F-11D3-BF4B-00C04F79EFBC}") = "03.FindBiggestOfThreeNums", "03.FindBiggestOfThreeNums\03.FindBiggestOfThreeNums.csproj", "{B9C7DF03-7FC0-4797-BAE5-E46BB2901150}"
EndProject
Project("{FAE04EC0-301F-11D3-BF4B-00C04F79EFBC}") = "04.SortNumsInDescending", "04.SortNumsInDescending\04.SortNumsInDescending.csproj", "{BA908C3C-10D3-448C-B3CB-AB91C92D4A2D}"
EndProject
Project("{FAE04EC0-301F-11D3-BF4B-00C04F79EFBC}") = "05.ReadDigitAndPrintItsName", "05.ReadDigitAndPrintItsName\05.ReadDigitAndPrintItsName.csproj", "{FE466A9A-8DE5-4BF8-AF81-BEB8FF1AE2A9}"
EndProject
Project("{FAE04EC0-301F-11D3-BF4B-00C04F79EFBC}") = "06.SolveQuadricEquation", "06.SolveQuadricEquation\06.SolveQuadricEquation.csproj", "{5048A0C2-6698-40AF-B1B9-2629CFFC71EE}"
EndProject
Project("{FAE04EC0-301F-11D3-BF4B-00C04F79EFBC}") = "07.FindGreatestOfFiveNums", "07.FindGreatestOfFiveNums\07.FindGreatestOfFiveNums.csproj", "{2EF744DD-3782-4E34-A6FD-A65B5C3CA44E}"
EndProject
Project("{FAE04EC0-301F-11D3-BF4B-00C04F79EFBC}") = "08.PrintNameOfNum", "08.PrintNameOfNum\08.PrintNameOfNum.csproj", "{C87BDDAD-9946-4447-B437-E4F82A017E7F}"
EndProject
Global
	GlobalSection(SolutionConfigurationPlatforms) = preSolution
		Debug|Any CPU = Debug|Any CPU
		Release|Any CPU = Release|Any CPU
	EndGlobalSection
	GlobalSection(ProjectConfigurationPlatforms) = postSolution
		{BD7F7267-277D-44D8-9D3B-C31068337790}.Debug|Any CPU.ActiveCfg = Debug|Any CPU
		{BD7F7267-277D-44D8-9D3B-C31068337790}.Debug|Any CPU.Build.0 = Debug|Any CPU
		{BD7F7267-277D-44D8-9D3B-C31068337790}.Release|Any CPU.ActiveCfg = Release|Any CPU
		{BD7F7267-277D-44D8-9D3B-C31068337790}.Release|Any CPU.Build.0 = Release|Any CPU
		{DDAE5EBA-69C0-4809-BB76-498EA83C794C}.Debug|Any CPU.ActiveCfg = Debug|Any CPU
		{DDAE5EBA-69C0-4809-BB76-498EA83C794C}.Debug|Any CPU.Build.0 = Debug|Any CPU
		{DDAE5EBA-69C0-4809-BB76-498EA83C794C}.Release|Any CPU.ActiveCfg = Release|Any CPU
		{DDAE5EBA-69C0-4809-BB76-498EA83C794C}.Release|Any CPU.Build.0 = Release|Any CPU
		{B9C7DF03-7FC0-4797-BAE5-E46BB2901150}.Debug|Any CPU.ActiveCfg = Debug|Any CPU
		{B9C7DF03-7FC0-4797-BAE5-E46BB2901150}.Debug|Any CPU.Build.0 = Debug|Any CPU
		{B9C7DF03-7FC0-4797-BAE5-E46BB2901150}.Release|Any CPU.ActiveCfg = Release|Any CPU
		{B9C7DF03-7FC0-4797-BAE5-E46BB2901150}.Release|Any CPU.Build.0 = Release|Any CPU
		{BA908C3C-10D3-448C-B3CB-AB91C92D4A2D}.Debug|Any CPU.ActiveCfg = Debug|Any CPU
		{BA908C3C-10D3-448C-B3CB-AB91C92D4A2D}.Debug|Any CPU.Build.0 = Debug|Any CPU
		{BA908C3C-10D3-448C-B3CB-AB91C92D4A2D}.Release|Any CPU.ActiveCfg = Release|Any CPU
		{BA908C3C-10D3-448C-B3CB-AB91C92D4A2D}.Release|Any CPU.Build.0 = Release|Any CPU
		{FE466A9A-8DE5-4BF8-AF81-BEB8FF1AE2A9}.Debug|Any CPU.ActiveCfg = Debug|Any CPU
		{FE466A9A-8DE5-4BF8-AF81-BEB8FF1AE2A9}.Debug|Any CPU.Build.0 = Debug|Any CPU
		{FE466A9A-8DE5-4BF8-AF81-BEB8FF1AE2A9}.Release|Any CPU.ActiveCfg = Release|Any CPU
		{FE466A9A-8DE5-4BF8-AF81-BEB8FF1AE2A9}.Release|Any CPU.Build.0 = Release|Any CPU
		{5048A0C2-6698-40AF-B1B9-2629CFFC71EE}.Debug|Any CPU.ActiveCfg = Debug|Any CPU
		{5048A0C2-6698-40AF-B1B9-2629CFFC71EE}.Debug|Any CPU.Build.0 = Debug|Any CPU
		{5048A0C2-6698-40AF-B1B9-2629CFFC71EE}.Release|Any CPU.ActiveCfg = Release|Any CPU
		{5048A0C2-6698-40AF-B1B9-2629CFFC71EE}.Release|Any CPU.Build.0 = Release|Any CPU
		{2EF744DD-3782-4E34-A6FD-A65B5C3CA44E}.Debug|Any CPU.ActiveCfg = Debug|Any CPU
		{2EF744DD-3782-4E34-A6FD-A65B5C3CA44E}.Debug|Any CPU.Build.0 = Debug|Any CPU
		{2EF744DD-3782-4E34-A6FD-A65B5C3CA44E}.Release|Any CPU.ActiveCfg = Release|Any CPU
		{2EF744DD-3782-4E34-A6FD-A65B5C3CA44E}.Release|Any CPU.Build.0 = Release|Any CPU
		{C87BDDAD-9946-4447-B437-E4F82A017E7F}.Debug|Any CPU.ActiveCfg = Debug|Any CPU
		{C87BDDAD-9946-4447-B437-E4F82A017E7F}.Debug|Any CPU.Build.0 = Debug|Any CPU
		{C87BDDAD-9946-4447-B437-E4F82A017E7F}.Release|Any CPU.ActiveCfg = Release|Any CPU
		{C87BDDAD-9946-4447-B437-E4F82A017E7F}.Release|Any CPU.Build.0 = Release|Any CPU
	EndGlobalSection
	GlobalSection(SolutionProperties) = preSolution
		HideSolutionNode = FALSE
	EndGlobalSection
EndGlobal
